
Microsoft Visual Studio Solution File, Format Version 12.00
Project("{FAE04EC0-301F-11D3-BF4B-00C04F79EFBC}") = "sample_grpc", "sample_grpc\sample_grpc.csproj", "{B27E9A50-D750-4E52-BA12-FAB273486B46}"
EndProject
Global
	GlobalSection(SolutionConfigurationPlatforms) = preSolution
		Debug|Any CPU = Debug|Any CPU
		Release|Any CPU = Release|Any CPU
	EndGlobalSection
	GlobalSection(ProjectConfigurationPlatforms) = postSolution
		{B27E9A50-D750-4E52-BA12-FAB273486B46}.Debug|Any CPU.ActiveCfg = Debug|Any CPU
		{B27E9A50-D750-4E52-BA12-FAB273486B46}.Debug|Any CPU.Build.0 = Debug|Any CPU
		{B27E9A50-D750-4E52-BA12-FAB273486B46}.Release|Any CPU.ActiveCfg = Release|Any CPU
		{B27E9A50-D750-4E52-BA12-FAB273486B46}.Release|Any CPU.Build.0 = Release|Any CPU
	EndGlobalSection
EndGlobal
