
Microsoft Visual Studio Solution File, Format Version 12.00
# Visual Studio Version 17
VisualStudioVersion = 17.0.31903.59
MinimumVisualStudioVersion = 10.0.40219.1
Project("{FAE04EC0-301F-11D3-BF4B-00C04F79EFBC}") = "First.ApiService", "First.ApiService\First.ApiService.csproj", "{C01DC09B-F3D9-4354-B924-7D7F25CFD272}"
EndProject
Project("{FAE04EC0-301F-11D3-BF4B-00C04F79EFBC}") = "Second.ApiService", "Second.ApiService\Second.ApiService.csproj", "{5DDD244E-5AC7-485E-9722-491B4BFF2A2C}"
EndProject
Project("{FAE04EC0-301F-11D3-BF4B-00C04F79EFBC}") = "Yarp.Proxy", "Yarp.Proxy\Yarp.Proxy.csproj", "{EFDBC038-871C-4B50-9CB4-718F798794D0}"
EndProject
Global
	GlobalSection(SolutionConfigurationPlatforms) = preSolution
		Debug|Any CPU = Debug|Any CPU
		Release|Any CPU = Release|Any CPU
	EndGlobalSection
	GlobalSection(SolutionProperties) = preSolution
		HideSolutionNode = FALSE
	EndGlobalSection
	GlobalSection(ProjectConfigurationPlatforms) = postSolution
		{C01DC09B-F3D9-4354-B924-7D7F25CFD272}.Debug|Any CPU.ActiveCfg = Debug|Any CPU
		{C01DC09B-F3D9-4354-B924-7D7F25CFD272}.Debug|Any CPU.Build.0 = Debug|Any CPU
		{C01DC09B-F3D9-4354-B924-7D7F25CFD272}.Release|Any CPU.ActiveCfg = Release|Any CPU
		{C01DC09B-F3D9-4354-B924-7D7F25CFD272}.Release|Any CPU.Build.0 = Release|Any CPU
		{5DDD244E-5AC7-485E-9722-491B4BFF2A2C}.Debug|Any CPU.ActiveCfg = Debug|Any CPU
		{5DDD244E-5AC7-485E-9722-491B4BFF2A2C}.Debug|Any CPU.Build.0 = Debug|Any CPU
		{5DDD244E-5AC7-485E-9722-491B4BFF2A2C}.Release|Any CPU.ActiveCfg = Release|Any CPU
		{5DDD244E-5AC7-485E-9722-491B4BFF2A2C}.Release|Any CPU.Build.0 = Release|Any CPU
		{EFDBC038-871C-4B50-9CB4-718F798794D0}.Debug|Any CPU.ActiveCfg = Debug|Any CPU
		{EFDBC038-871C-4B50-9CB4-718F798794D0}.Debug|Any CPU.Build.0 = Debug|Any CPU
		{EFDBC038-871C-4B50-9CB4-718F798794D0}.Release|Any CPU.ActiveCfg = Release|Any CPU
		{EFDBC038-871C-4B50-9CB4-718F798794D0}.Release|Any CPU.Build.0 = Release|Any CPU
	EndGlobalSection
EndGlobal
